
Microsoft Visual Studio Solution File, Format Version 12.00
# Visual Studio Version 17
VisualStudioVersion = 17.5.33530.505
MinimumVisualStudioVersion = 10.0.40219.1
Project("{FAE04EC0-301F-11D3-BF4B-00C04F79EFBC}") = "InvoiceAPI", "InvoiceAPI.csproj", "{886BDF5C-88F7-4580-AC0F-8D62A0FDEADC}"
EndProject
Project("{FAE04EC0-301F-11D3-BF4B-00C04F79EFBC}") = "DataBase", "..\DataBase\DataBase.csproj", "{8E98515E-41E3-46F3-81C8-CF87D175DE77}"
EndProject
Global
	GlobalSection(SolutionConfigurationPlatforms) = preSolution
		Debug|Any CPU = Debug|Any CPU
		Release|Any CPU = Release|Any CPU
	EndGlobalSection
	GlobalSection(ProjectConfigurationPlatforms) = postSolution
		{886BDF5C-88F7-4580-AC0F-8D62A0FDEADC}.Debug|Any CPU.ActiveCfg = Debug|Any CPU
		{886BDF5C-88F7-4580-AC0F-8D62A0FDEADC}.Debug|Any CPU.Build.0 = Debug|Any CPU
		{886BDF5C-88F7-4580-AC0F-8D62A0FDEADC}.Release|Any CPU.ActiveCfg = Release|Any CPU
		{886BDF5C-88F7-4580-AC0F-8D62A0FDEADC}.Release|Any CPU.Build.0 = Release|Any CPU
		{8E98515E-41E3-46F3-81C8-CF87D175DE77}.Debug|Any CPU.ActiveCfg = Debug|Any CPU
		{8E98515E-41E3-46F3-81C8-CF87D175DE77}.Debug|Any CPU.Build.0 = Debug|Any CPU
		{8E98515E-41E3-46F3-81C8-CF87D175DE77}.Release|Any CPU.ActiveCfg = Release|Any CPU
		{8E98515E-41E3-46F3-81C8-CF87D175DE77}.Release|Any CPU.Build.0 = Release|Any CPU
	EndGlobalSection
	GlobalSection(SolutionProperties) = preSolution
		HideSolutionNode = FALSE
	EndGlobalSection
	GlobalSection(ExtensibilityGlobals) = postSolution
		SolutionGuid = {4BAE8861-355C-4DDE-B7B4-D20A36AEE8AF}
	EndGlobalSection
EndGlobal
